
Microsoft Visual Studio Solution File, Format Version 12.00
# Visual Studio Version 17
VisualStudioVersion = 17.3.32901.215
MinimumVisualStudioVersion = 10.0.40219.1
Project("{FAE04EC0-301F-11D3-BF4B-00C04F79EFBC}") = "Punto5", "Punto5\Punto5.csproj", "{07B32377-CBF6-45C8-9B38-378CDD69E686}"
EndProject
Global
	GlobalSection(SolutionConfigurationPlatforms) = preSolution
		Debug|Any CPU = Debug|Any CPU
		Release|Any CPU = Release|Any CPU
	EndGlobalSection
	GlobalSection(ProjectConfigurationPlatforms) = postSolution
		{07B32377-CBF6-45C8-9B38-378CDD69E686}.Debug|Any CPU.ActiveCfg = Debug|Any CPU
		{07B32377-CBF6-45C8-9B38-378CDD69E686}.Debug|Any CPU.Build.0 = Debug|Any CPU
		{07B32377-CBF6-45C8-9B38-378CDD69E686}.Release|Any CPU.ActiveCfg = Release|Any CPU
		{07B32377-CBF6-45C8-9B38-378CDD69E686}.Release|Any CPU.Build.0 = Release|Any CPU
	EndGlobalSection
	GlobalSection(SolutionProperties) = preSolution
		HideSolutionNode = FALSE
	EndGlobalSection
	GlobalSection(ExtensibilityGlobals) = postSolution
		SolutionGuid = {9D0CBDB9-1B84-46A4-BE93-F8A809578C27}
	EndGlobalSection
EndGlobal
