
Microsoft Visual Studio Solution File, Format Version 12.00
# Visual Studio Version 17
VisualStudioVersion = 17.3.32901.215
MinimumVisualStudioVersion = 10.0.40219.1
Project("{FAE04EC0-301F-11D3-BF4B-00C04F79EFBC}") = "Punto10", "Punto10\Punto10.csproj", "{4DD487A4-49A2-4020-B8D4-F9EEE409AFED}"
EndProject
Global
	GlobalSection(SolutionConfigurationPlatforms) = preSolution
		Debug|Any CPU = Debug|Any CPU
		Release|Any CPU = Release|Any CPU
	EndGlobalSection
	GlobalSection(ProjectConfigurationPlatforms) = postSolution
		{4DD487A4-49A2-4020-B8D4-F9EEE409AFED}.Debug|Any CPU.ActiveCfg = Debug|Any CPU
		{4DD487A4-49A2-4020-B8D4-F9EEE409AFED}.Debug|Any CPU.Build.0 = Debug|Any CPU
		{4DD487A4-49A2-4020-B8D4-F9EEE409AFED}.Release|Any CPU.ActiveCfg = Release|Any CPU
		{4DD487A4-49A2-4020-B8D4-F9EEE409AFED}.Release|Any CPU.Build.0 = Release|Any CPU
	EndGlobalSection
	GlobalSection(SolutionProperties) = preSolution
		HideSolutionNode = FALSE
	EndGlobalSection
	GlobalSection(ExtensibilityGlobals) = postSolution
		SolutionGuid = {A80E8A1C-239E-46B2-997C-18B0F07916CE}
	EndGlobalSection
EndGlobal
