
Microsoft Visual Studio Solution File, Format Version 12.00
# Visual Studio Version 17
VisualStudioVersion = 17.3.32901.215
MinimumVisualStudioVersion = 10.0.40219.1
Project("{FAE04EC0-301F-11D3-BF4B-00C04F79EFBC}") = "Punto9", "Punto9\Punto9.csproj", "{ABB05496-8C60-47D2-960D-08712E86F8D7}"
EndProject
Global
	GlobalSection(SolutionConfigurationPlatforms) = preSolution
		Debug|Any CPU = Debug|Any CPU
		Release|Any CPU = Release|Any CPU
	EndGlobalSection
	GlobalSection(ProjectConfigurationPlatforms) = postSolution
		{ABB05496-8C60-47D2-960D-08712E86F8D7}.Debug|Any CPU.ActiveCfg = Debug|Any CPU
		{ABB05496-8C60-47D2-960D-08712E86F8D7}.Debug|Any CPU.Build.0 = Debug|Any CPU
		{ABB05496-8C60-47D2-960D-08712E86F8D7}.Release|Any CPU.ActiveCfg = Release|Any CPU
		{ABB05496-8C60-47D2-960D-08712E86F8D7}.Release|Any CPU.Build.0 = Release|Any CPU
	EndGlobalSection
	GlobalSection(SolutionProperties) = preSolution
		HideSolutionNode = FALSE
	EndGlobalSection
	GlobalSection(ExtensibilityGlobals) = postSolution
		SolutionGuid = {DAB1026D-A126-44D6-B669-991ACD7EC5DD}
	EndGlobalSection
EndGlobal
