
Microsoft Visual Studio Solution File, Format Version 12.00
# Visual Studio Version 17
VisualStudioVersion = 17.3.32901.215
MinimumVisualStudioVersion = 10.0.40219.1
Project("{FAE04EC0-301F-11D3-BF4B-00C04F79EFBC}") = "Punto3", "Punto3\Punto3.csproj", "{FD1E8E67-E4C7-41C8-BCA9-8595774B113E}"
EndProject
Global
	GlobalSection(SolutionConfigurationPlatforms) = preSolution
		Debug|Any CPU = Debug|Any CPU
		Release|Any CPU = Release|Any CPU
	EndGlobalSection
	GlobalSection(ProjectConfigurationPlatforms) = postSolution
		{FD1E8E67-E4C7-41C8-BCA9-8595774B113E}.Debug|Any CPU.ActiveCfg = Debug|Any CPU
		{FD1E8E67-E4C7-41C8-BCA9-8595774B113E}.Debug|Any CPU.Build.0 = Debug|Any CPU
		{FD1E8E67-E4C7-41C8-BCA9-8595774B113E}.Release|Any CPU.ActiveCfg = Release|Any CPU
		{FD1E8E67-E4C7-41C8-BCA9-8595774B113E}.Release|Any CPU.Build.0 = Release|Any CPU
	EndGlobalSection
	GlobalSection(SolutionProperties) = preSolution
		HideSolutionNode = FALSE
	EndGlobalSection
	GlobalSection(ExtensibilityGlobals) = postSolution
		SolutionGuid = {1C937C14-4237-4320-BC62-90AB988A4317}
	EndGlobalSection
EndGlobal
