
Microsoft Visual Studio Solution File, Format Version 12.00
# Visual Studio Version 17
VisualStudioVersion = 17.3.32901.215
MinimumVisualStudioVersion = 10.0.40219.1
Project("{FAE04EC0-301F-11D3-BF4B-00C04F79EFBC}") = "Punto7", "Punto7\Punto7.csproj", "{5683A6AC-348A-4C89-80BD-0F8C7AD71F26}"
EndProject
Global
	GlobalSection(SolutionConfigurationPlatforms) = preSolution
		Debug|Any CPU = Debug|Any CPU
		Release|Any CPU = Release|Any CPU
	EndGlobalSection
	GlobalSection(ProjectConfigurationPlatforms) = postSolution
		{5683A6AC-348A-4C89-80BD-0F8C7AD71F26}.Debug|Any CPU.ActiveCfg = Debug|Any CPU
		{5683A6AC-348A-4C89-80BD-0F8C7AD71F26}.Debug|Any CPU.Build.0 = Debug|Any CPU
		{5683A6AC-348A-4C89-80BD-0F8C7AD71F26}.Release|Any CPU.ActiveCfg = Release|Any CPU
		{5683A6AC-348A-4C89-80BD-0F8C7AD71F26}.Release|Any CPU.Build.0 = Release|Any CPU
	EndGlobalSection
	GlobalSection(SolutionProperties) = preSolution
		HideSolutionNode = FALSE
	EndGlobalSection
	GlobalSection(ExtensibilityGlobals) = postSolution
		SolutionGuid = {AAC8FCAA-6FA6-4A1B-A0DA-B14E4B79EA81}
	EndGlobalSection
EndGlobal
